
Microsoft Visual Studio Solution File, Format Version 12.00
# Visual Studio Version 16
VisualStudioVersion = 16.0.30204.135
MinimumVisualStudioVersion = 10.0.40219.1
Project("{9A19103F-16F7-4668-BE54-9A1E7A4F7556}") = "AuditSeverityService", "AuditSeverityService.csproj", "{26CFE5AD-E644-4B75-9271-DC36EE27149E}"
EndProject
Project("{FAE04EC0-301F-11D3-BF4B-00C04F79EFBC}") = "AuditSeverityTest", "..\AuditSeverityTest\AuditSeverityTest.csproj", "{6ECF7787-2220-4C28-9AFF-21993CE3E5B1}"
EndProject
Global
	GlobalSection(SolutionConfigurationPlatforms) = preSolution
		Debug|Any CPU = Debug|Any CPU
		Release|Any CPU = Release|Any CPU
	EndGlobalSection
	GlobalSection(ProjectConfigurationPlatforms) = postSolution
		{26CFE5AD-E644-4B75-9271-DC36EE27149E}.Debug|Any CPU.ActiveCfg = Debug|Any CPU
		{26CFE5AD-E644-4B75-9271-DC36EE27149E}.Debug|Any CPU.Build.0 = Debug|Any CPU
		{26CFE5AD-E644-4B75-9271-DC36EE27149E}.Release|Any CPU.ActiveCfg = Release|Any CPU
		{26CFE5AD-E644-4B75-9271-DC36EE27149E}.Release|Any CPU.Build.0 = Release|Any CPU
		{6ECF7787-2220-4C28-9AFF-21993CE3E5B1}.Debug|Any CPU.ActiveCfg = Debug|Any CPU
		{6ECF7787-2220-4C28-9AFF-21993CE3E5B1}.Debug|Any CPU.Build.0 = Debug|Any CPU
		{6ECF7787-2220-4C28-9AFF-21993CE3E5B1}.Release|Any CPU.ActiveCfg = Release|Any CPU
		{6ECF7787-2220-4C28-9AFF-21993CE3E5B1}.Release|Any CPU.Build.0 = Release|Any CPU
	EndGlobalSection
	GlobalSection(SolutionProperties) = preSolution
		HideSolutionNode = FALSE
	EndGlobalSection
	GlobalSection(ExtensibilityGlobals) = postSolution
		SolutionGuid = {49451557-9345-4F02-A38E-B072B9678187}
	EndGlobalSection
EndGlobal
